// !$*UTF8*$!
{
	archiveVersion = 1;
	classes = {
	};
	objectVersion = 50;
	objects = {

/* Begin PBXBuildFile section */
		C0963CDF25A8E9CE00B6796B /* AppDelegate.swift in Sources */ = {isa = PBXBuildFile; fileRef = C0963CDE25A8E9CE00B6796B /* AppDelegate.swift */; };
		C0963CE125A8E9CE00B6796B /* SceneDelegate.swift in Sources */ = {isa = PBXBuildFile; fileRef = C0963CE025A8E9CE00B6796B /* SceneDelegate.swift */; };
		C0963CE325A8E9CE00B6796B /* HomeViewController.swift in Sources */ = {isa = PBXBuildFile; fileRef = C0963CE225A8E9CE00B6796B /* HomeViewController.swift */; };
		C0963CE625A8E9CE00B6796B /* Main.storyboard in Resources */ = {isa = PBXBuildFile; fileRef = C0963CE425A8E9CE00B6796B /* Main.storyboard */; };
		C0963CE925A8E9CE00B6796B /* ShareASnack.xcdatamodeld in Sources */ = {isa = PBXBuildFile; fileRef = C0963CE725A8E9CE00B6796B /* ShareASnack.xcdatamodeld */; };
		C0963CEB25A8E9CF00B6796B /* Assets.xcassets in Resources */ = {isa = PBXBuildFile; fileRef = C0963CEA25A8E9CF00B6796B /* Assets.xcassets */; };
		C0963CEE25A8E9CF00B6796B /* LaunchScreen.storyboard in Resources */ = {isa = PBXBuildFile; fileRef = C0963CEC25A8E9CF00B6796B /* LaunchScreen.storyboard */; };
		C0963CF725A8F7EC00B6796B /* RecipePost.swift in Sources */ = {isa = PBXBuildFile; fileRef = C0963CF625A8F7EC00B6796B /* RecipePost.swift */; };
		C097E77025AB77DE001D9F52 /* TopCollectionViewCell.swift in Sources */ = {isa = PBXBuildFile; fileRef = C097E76F25AB77DE001D9F52 /* TopCollectionViewCell.swift */; };
		C097E77325ABABD6001D9F52 /* ProflieViewController.swift in Sources */ = {isa = PBXBuildFile; fileRef = C097E77225ABABD6001D9F52 /* ProflieViewController.swift */; };
		C0ABE02F25ACB9C000AAC68E /* LogInViewController.swift in Sources */ = {isa = PBXBuildFile; fileRef = C0ABE02E25ACB9C000AAC68E /* LogInViewController.swift */; };
		C0ABE03225ACCFEA00AAC68E /* RegisterViewController.swift in Sources */ = {isa = PBXBuildFile; fileRef = C0ABE03125ACCFEA00AAC68E /* RegisterViewController.swift */; };
		C0B1CD7125AE146500C3B06D /* GoogleService-Info-2.plist in Resources */ = {isa = PBXBuildFile; fileRef = C0B1CD7025AE146500C3B06D /* GoogleService-Info-2.plist */; };
		C0BC116F25AA6E7800B53F9C /* MainTableViewCell.swift in Sources */ = {isa = PBXBuildFile; fileRef = C0BC116D25AA6E7800B53F9C /* MainTableViewCell.swift */; };
		C0BC117025AA6E7800B53F9C /* MainTableViewCell.xib in Resources */ = {isa = PBXBuildFile; fileRef = C0BC116E25AA6E7800B53F9C /* MainTableViewCell.xib */; };
		C3CC76BB0849C5245F187B44 /* Pods_ShareASnack.framework in Frameworks */ = {isa = PBXBuildFile; fileRef = EBA6C765A6A2151FF14646F0 /* Pods_ShareASnack.framework */; };
/* End PBXBuildFile section */

/* Begin PBXFileReference section */
		356D80AD53BF680FEE9F8575 /* Pods-ShareASnack.debug.xcconfig */ = {isa = PBXFileReference; includeInIndex = 1; lastKnownFileType = text.xcconfig; name = "Pods-ShareASnack.debug.xcconfig"; path = "Target Support Files/Pods-ShareASnack/Pods-ShareASnack.debug.xcconfig"; sourceTree = "<group>"; };
		AB972D58A98DB3CE937300EB /* Pods-ShareASnack.release.xcconfig */ = {isa = PBXFileReference; includeInIndex = 1; lastKnownFileType = text.xcconfig; name = "Pods-ShareASnack.release.xcconfig"; path = "Target Support Files/Pods-ShareASnack/Pods-ShareASnack.release.xcconfig"; sourceTree = "<group>"; };
		C0963CDB25A8E9CE00B6796B /* ShareASnack.app */ = {isa = PBXFileReference; explicitFileType = wrapper.application; includeInIndex = 0; path = ShareASnack.app; sourceTree = BUILT_PRODUCTS_DIR; };
		C0963CDE25A8E9CE00B6796B /* AppDelegate.swift */ = {isa = PBXFileReference; lastKnownFileType = sourcecode.swift; path = AppDelegate.swift; sourceTree = "<group>"; };
		C0963CE025A8E9CE00B6796B /* SceneDelegate.swift */ = {isa = PBXFileReference; lastKnownFileType = sourcecode.swift; path = SceneDelegate.swift; sourceTree = "<group>"; };
		C0963CE225A8E9CE00B6796B /* HomeViewController.swift */ = {isa = PBXFileReference; lastKnownFileType = sourcecode.swift; path = HomeViewController.swift; sourceTree = "<group>"; };
		C0963CE525A8E9CE00B6796B /* Base */ = {isa = PBXFileReference; lastKnownFileType = file.storyboard; name = Base; path = Base.lproj/Main.storyboard; sourceTree = "<group>"; };
		C0963CE825A8E9CE00B6796B /* ShareASnack.xcdatamodel */ = {isa = PBXFileReference; lastKnownFileType = wrapper.xcdatamodel; path = ShareASnack.xcdatamodel; sourceTree = "<group>"; };
		C0963CEA25A8E9CF00B6796B /* Assets.xcassets */ = {isa = PBXFileReference; lastKnownFileType = folder.assetcatalog; path = Assets.xcassets; sourceTree = "<group>"; };
		C0963CED25A8E9CF00B6796B /* Base */ = {isa = PBXFileReference; lastKnownFileType = file.storyboard; name = Base; path = Base.lproj/LaunchScreen.storyboard; sourceTree = "<group>"; };
		C0963CEF25A8E9CF00B6796B /* Info.plist */ = {isa = PBXFileReference; lastKnownFileType = text.plist.xml; path = Info.plist; sourceTree = "<group>"; };
		C0963CF625A8F7EC00B6796B /* RecipePost.swift */ = {isa = PBXFileReference; lastKnownFileType = sourcecode.swift; path = RecipePost.swift; sourceTree = "<group>"; };
		C097E76F25AB77DE001D9F52 /* TopCollectionViewCell.swift */ = {isa = PBXFileReference; lastKnownFileType = sourcecode.swift; path = TopCollectionViewCell.swift; sourceTree = "<group>"; };
		C097E77225ABABD6001D9F52 /* ProflieViewController.swift */ = {isa = PBXFileReference; lastKnownFileType = sourcecode.swift; path = ProflieViewController.swift; sourceTree = "<group>"; };
		C0ABE02E25ACB9C000AAC68E /* LogInViewController.swift */ = {isa = PBXFileReference; lastKnownFileType = sourcecode.swift; path = LogInViewController.swift; sourceTree = "<group>"; };
		C0ABE03125ACCFEA00AAC68E /* RegisterViewController.swift */ = {isa = PBXFileReference; lastKnownFileType = sourcecode.swift; path = RegisterViewController.swift; sourceTree = "<group>"; };
		C0B1CD7025AE146500C3B06D /* GoogleService-Info-2.plist */ = {isa = PBXFileReference; fileEncoding = 4; lastKnownFileType = text.plist.xml; path = "GoogleService-Info-2.plist"; sourceTree = "<group>"; };
		C0BC116D25AA6E7800B53F9C /* MainTableViewCell.swift */ = {isa = PBXFileReference; lastKnownFileType = sourcecode.swift; path = MainTableViewCell.swift; sourceTree = "<group>"; };
		C0BC116E25AA6E7800B53F9C /* MainTableViewCell.xib */ = {isa = PBXFileReference; lastKnownFileType = file.xib; path = MainTableViewCell.xib; sourceTree = "<group>"; };
		EBA6C765A6A2151FF14646F0 /* Pods_ShareASnack.framework */ = {isa = PBXFileReference; explicitFileType = wrapper.framework; includeInIndex = 0; path = Pods_ShareASnack.framework; sourceTree = BUILT_PRODUCTS_DIR; };
/* End PBXFileReference section */

/* Begin PBXFrameworksBuildPhase section */
		C0963CD825A8E9CE00B6796B /* Frameworks */ = {
			isa = PBXFrameworksBuildPhase;
			buildActionMask = 2147483647;
			files = (
				C3CC76BB0849C5245F187B44 /* Pods_ShareASnack.framework in Frameworks */,
			);
			runOnlyForDeploymentPostprocessing = 0;
		};
/* End PBXFrameworksBuildPhase section */

/* Begin PBXGroup section */
		4F061AA7490C2370FAD54F24 /* Pods */ = {
			isa = PBXGroup;
			children = (
				356D80AD53BF680FEE9F8575 /* Pods-ShareASnack.debug.xcconfig */,
				AB972D58A98DB3CE937300EB /* Pods-ShareASnack.release.xcconfig */,
			);
			name = Pods;
			path = Pods;
			sourceTree = "<group>";
		};
		C0963CD225A8E9CE00B6796B = {
			isa = PBXGroup;
			children = (
				C0963CDD25A8E9CE00B6796B /* ShareASnack */,
				C0963CDC25A8E9CE00B6796B /* Products */,
				4F061AA7490C2370FAD54F24 /* Pods */,
				C75B4C56C6AA056D42966A04 /* Frameworks */,
			);
			sourceTree = "<group>";
		};
		C0963CDC25A8E9CE00B6796B /* Products */ = {
			isa = PBXGroup;
			children = (
				C0963CDB25A8E9CE00B6796B /* ShareASnack.app */,
			);
			name = Products;
			sourceTree = "<group>";
		};
		C0963CDD25A8E9CE00B6796B /* ShareASnack */ = {
			isa = PBXGroup;
			children = (
				C0963CDE25A8E9CE00B6796B /* AppDelegate.swift */,
				C0963CE025A8E9CE00B6796B /* SceneDelegate.swift */,
				C0963CE225A8E9CE00B6796B /* HomeViewController.swift */,
				C0963CF625A8F7EC00B6796B /* RecipePost.swift */,
				C0ABE02E25ACB9C000AAC68E /* LogInViewController.swift */,
				C0ABE03125ACCFEA00AAC68E /* RegisterViewController.swift */,
				C097E77225ABABD6001D9F52 /* ProflieViewController.swift */,
				C0BC116D25AA6E7800B53F9C /* MainTableViewCell.swift */,
				C097E76F25AB77DE001D9F52 /* TopCollectionViewCell.swift */,
				C0BC116E25AA6E7800B53F9C /* MainTableViewCell.xib */,
				C0963CE425A8E9CE00B6796B /* Main.storyboard */,
				C0963CEA25A8E9CF00B6796B /* Assets.xcassets */,
				C0963CEC25A8E9CF00B6796B /* LaunchScreen.storyboard */,
				C0B1CD7025AE146500C3B06D /* GoogleService-Info-2.plist */,
				C0963CEF25A8E9CF00B6796B /* Info.plist */,
				C0963CE725A8E9CE00B6796B /* ShareASnack.xcdatamodeld */,
			);
			path = ShareASnack;
			sourceTree = "<group>";
		};
		C75B4C56C6AA056D42966A04 /* Frameworks */ = {
			isa = PBXGroup;
			children = (
				EBA6C765A6A2151FF14646F0 /* Pods_ShareASnack.framework */,
			);
			name = Frameworks;
			sourceTree = "<group>";
		};
/* End PBXGroup section */

/* Begin PBXNativeTarget section */
		C0963CDA25A8E9CE00B6796B /* ShareASnack */ = {
			isa = PBXNativeTarget;
			buildConfigurationList = C0963CF225A8E9CF00B6796B /* Build configuration list for PBXNativeTarget "ShareASnack" */;
			buildPhases = (
				50A0231715FE1297AD7B1179 /* [CP] Check Pods Manifest.lock */,
				C0963CD725A8E9CE00B6796B /* Sources */,
				C0963CD825A8E9CE00B6796B /* Frameworks */,
				C0963CD925A8E9CE00B6796B /* Resources */,
				78116AE979FC98E01E7EC74C /* [CP] Embed Pods Frameworks */,
			);
			buildRules = (
			);
			dependencies = (
			);
			name = ShareASnack;
			productName = ShareASnack;
			productReference = C0963CDB25A8E9CE00B6796B /* ShareASnack.app */;
			productType = "com.apple.product-type.application";
		};
/* End PBXNativeTarget section */

/* Begin PBXProject section */
		C0963CD325A8E9CE00B6796B /* Project object */ = {
			isa = PBXProject;
			attributes = {
				LastSwiftUpdateCheck = 1230;
				LastUpgradeCheck = 1230;
				TargetAttributes = {
					C0963CDA25A8E9CE00B6796B = {
						CreatedOnToolsVersion = 12.3;
					};
				};
			};
			buildConfigurationList = C0963CD625A8E9CE00B6796B /* Build configuration list for PBXProject "ShareASnack" */;
			compatibilityVersion = "Xcode 9.3";
			developmentRegion = en;
			hasScannedForEncodings = 0;
			knownRegions = (
				en,
				Base,
			);
			mainGroup = C0963CD225A8E9CE00B6796B;
			productRefGroup = C0963CDC25A8E9CE00B6796B /* Products */;
			projectDirPath = "";
			projectRoot = "";
			targets = (
				C0963CDA25A8E9CE00B6796B /* ShareASnack */,
			);
		};
/* End PBXProject section */

/* Begin PBXResourcesBuildPhase section */
		C0963CD925A8E9CE00B6796B /* Resources */ = {
			isa = PBXResourcesBuildPhase;
			buildActionMask = 2147483647;
			files = (
				C0B1CD7125AE146500C3B06D /* GoogleService-Info-2.plist in Resources */,
				C0963CEE25A8E9CF00B6796B /* LaunchScreen.storyboard in Resources */,
				C0963CEB25A8E9CF00B6796B /* Assets.xcassets in Resources */,
				C0BC117025AA6E7800B53F9C /* MainTableViewCell.xib in Resources */,
				C0963CE625A8E9CE00B6796B /* Main.storyboard in Resources */,
			);
			runOnlyForDeploymentPostprocessing = 0;
		};
/* End PBXResourcesBuildPhase section */

/* Begin PBXShellScriptBuildPhase section */
		50A0231715FE1297AD7B1179 /* [CP] Check Pods Manifest.lock */ = {
			isa = PBXShellScriptBuildPhase;
			buildActionMask = 2147483647;
			files = (
			);
			inputFileListPaths = (
			);
			inputPaths = (
				"${PODS_PODFILE_DIR_PATH}/Podfile.lock",
				"${PODS_ROOT}/Manifest.lock",
			);
			name = "[CP] Check Pods Manifest.lock";
			outputFileListPaths = (
			);
			outputPaths = (
				"$(DERIVED_FILE_DIR)/Pods-ShareASnack-checkManifestLockResult.txt",
			);
			runOnlyForDeploymentPostprocessing = 0;
			shellPath = /bin/sh;
			shellScript = "diff \"${PODS_PODFILE_DIR_PATH}/Podfile.lock\" \"${PODS_ROOT}/Manifest.lock\" > /dev/null\nif [ $? != 0 ] ; then\n    # print error to STDERR\n    echo \"error: The sandbox is not in sync with the Podfile.lock. Run 'pod install' or update your CocoaPods installation.\" >&2\n    exit 1\nfi\n# This output is used by Xcode 'outputs' to avoid re-running this script phase.\necho \"SUCCESS\" > \"${SCRIPT_OUTPUT_FILE_0}\"\n";
			showEnvVarsInLog = 0;
		};
		78116AE979FC98E01E7EC74C /* [CP] Embed Pods Frameworks */ = {
			isa = PBXShellScriptBuildPhase;
			buildActionMask = 2147483647;
			files = (
			);
			inputFileListPaths = (
				"${PODS_ROOT}/Target Support Files/Pods-ShareASnack/Pods-ShareASnack-frameworks-${CONFIGURATION}-input-files.xcfilelist",
			);
			name = "[CP] Embed Pods Frameworks";
			outputFileListPaths = (
				"${PODS_ROOT}/Target Support Files/Pods-ShareASnack/Pods-ShareASnack-frameworks-${CONFIGURATION}-output-files.xcfilelist",
			);
			runOnlyForDeploymentPostprocessing = 0;
			shellPath = /bin/sh;
			shellScript = "\"${PODS_ROOT}/Target Support Files/Pods-ShareASnack/Pods-ShareASnack-frameworks.sh\"\n";
			showEnvVarsInLog = 0;
		};
/* End PBXShellScriptBuildPhase section */

/* Begin PBXSourcesBuildPhase section */
		C0963CD725A8E9CE00B6796B /* Sources */ = {
			isa = PBXSourcesBuildPhase;
			buildActionMask = 2147483647;
			files = (
				C097E77025AB77DE001D9F52 /* TopCollectionViewCell.swift in Sources */,
				C0ABE03225ACCFEA00AAC68E /* RegisterViewController.swift in Sources */,
				C0963CE925A8E9CE00B6796B /* ShareASnack.xcdatamodeld in Sources */,
				C0ABE02F25ACB9C000AAC68E /* LogInViewController.swift in Sources */,
				C0963CE325A8E9CE00B6796B /* HomeViewController.swift in Sources */,
				C0963CF725A8F7EC00B6796B /* RecipePost.swift in Sources */,
				C0963CDF25A8E9CE00B6796B /* AppDelegate.swift in Sources */,
				C0BC116F25AA6E7800B53F9C /* MainTableViewCell.swift in Sources */,
				C097E77325ABABD6001D9F52 /* ProflieViewController.swift in Sources */,
				C0963CE125A8E9CE00B6796B /* SceneDelegate.swift in Sources */,
			);
			runOnlyForDeploymentPostprocessing = 0;
		};
/* End PBXSourcesBuildPhase section */

/* Begin PBXVariantGroup section */
		C0963CE425A8E9CE00B6796B /* Main.storyboard */ = {
			isa = PBXVariantGroup;
			children = (
				C0963CE525A8E9CE00B6796B /* Base */,
			);
			name = Main.storyboard;
			sourceTree = "<group>";
		};
		C0963CEC25A8E9CF00B6796B /* LaunchScreen.storyboard */ = {
			isa = PBXVariantGroup;
			children = (
				C0963CED25A8E9CF00B6796B /* Base */,
			);
			name = LaunchScreen.storyboard;
			sourceTree = "<group>";
		};
/* End PBXVariantGroup section */

/* Begin XCBuildConfiguration section */
		C0963CF025A8E9CF00B6796B /* Debug */ = {
			isa = XCBuildConfiguration;
			buildSettings = {
				ALWAYS_SEARCH_USER_PATHS = NO;
				CLANG_ANALYZER_NONNULL = YES;
				CLANG_ANALYZER_NUMBER_OBJECT_CONVERSION = YES_AGGRESSIVE;
				CLANG_CXX_LANGUAGE_STANDARD = "gnu++14";
				CLANG_CXX_LIBRARY = "libc++";
				CLANG_ENABLE_MODULES = YES;
				CLANG_ENABLE_OBJC_ARC = YES;
				CLANG_ENABLE_OBJC_WEAK = YES;
				CLANG_WARN_BLOCK_CAPTURE_AUTORELEASING = YES;
				CLANG_WARN_BOOL_CONVERSION = YES;
				CLANG_WARN_COMMA = YES;
				CLANG_WARN_CONSTANT_CONVERSION = YES;
				CLANG_WARN_DEPRECATED_OBJC_IMPLEMENTATIONS = YES;
				CLANG_WARN_DIRECT_OBJC_ISA_USAGE = YES_ERROR;
				CLANG_WARN_DOCUMENTATION_COMMENTS = YES;
				CLANG_WARN_EMPTY_BODY = YES;
				CLANG_WARN_ENUM_CONVERSION = YES;
				CLANG_WARN_INFINITE_RECURSION = YES;
				CLANG_WARN_INT_CONVERSION = YES;
				CLANG_WARN_NON_LITERAL_NULL_CONVERSION = YES;
				CLANG_WARN_OBJC_IMPLICIT_RETAIN_SELF = YES;
				CLANG_WARN_OBJC_LITERAL_CONVERSION = YES;
				CLANG_WARN_OBJC_ROOT_CLASS = YES_ERROR;
				CLANG_WARN_QUOTED_INCLUDE_IN_FRAMEWORK_HEADER = YES;
				CLANG_WARN_RANGE_LOOP_ANALYSIS = YES;
				CLANG_WARN_STRICT_PROTOTYPES = YES;
				CLANG_WARN_SUSPICIOUS_MOVE = YES;
				CLANG_WARN_UNGUARDED_AVAILABILITY = YES_AGGRESSIVE;
				CLANG_WARN_UNREACHABLE_CODE = YES;
				CLANG_WARN__DUPLICATE_METHOD_MATCH = YES;
				COPY_PHASE_STRIP = NO;
				DEBUG_INFORMATION_FORMAT = dwarf;
				ENABLE_STRICT_OBJC_MSGSEND = YES;
				ENABLE_TESTABILITY = YES;
				GCC_C_LANGUAGE_STANDARD = gnu11;
				GCC_DYNAMIC_NO_PIC = NO;
				GCC_NO_COMMON_BLOCKS = YES;
				GCC_OPTIMIZATION_LEVEL = 0;
				GCC_PREPROCESSOR_DEFINITIONS = (
					"DEBUG=1",
					"$(inherited)",
				);
				GCC_WARN_64_TO_32_BIT_CONVERSION = YES;
				GCC_WARN_ABOUT_RETURN_TYPE = YES_ERROR;
				GCC_WARN_UNDECLARED_SELECTOR = YES;
				GCC_WARN_UNINITIALIZED_AUTOS = YES_AGGRESSIVE;
				GCC_WARN_UNUSED_FUNCTION = YES;
				GCC_WARN_UNUSED_VARIABLE = YES;
				IPHONEOS_DEPLOYMENT_TARGET = 14.3;
				MTL_ENABLE_DEBUG_INFO = INCLUDE_SOURCE;
				MTL_FAST_MATH = YES;
				ONLY_ACTIVE_ARCH = YES;
				SDKROOT = iphoneos;
				SWIFT_ACTIVE_COMPILATION_CONDITIONS = DEBUG;
				SWIFT_OPTIMIZATION_LEVEL = "-Onone";
			};
			name = Debug;
		};
		C0963CF125A8E9CF00B6796B /* Release */ = {
			isa = XCBuildConfiguration;
			buildSettings = {
				ALWAYS_SEARCH_USER_PATHS = NO;
				CLANG_ANALYZER_NONNULL = YES;
				CLANG_ANALYZER_NUMBER_OBJECT_CONVERSION = YES_AGGRESSIVE;
				CLANG_CXX_LANGUAGE_STANDARD = "gnu++14";
				CLANG_CXX_LIBRARY = "libc++";
				CLANG_ENABLE_MODULES = YES;
				CLANG_ENABLE_OBJC_ARC = YES;
				CLANG_ENABLE_OBJC_WEAK = YES;
				CLANG_WARN_BLOCK_CAPTURE_AUTORELEASING = YES;
				CLANG_WARN_BOOL_CONVERSION = YES;
				CLANG_WARN_COMMA = YES;
				CLANG_WARN_CONSTANT_CONVERSION = YES;
				CLANG_WARN_DEPRECATED_OBJC_IMPLEMENTATIONS = YES;
				CLANG_WARN_DIRECT_OBJC_ISA_USAGE = YES_ERROR;
				CLANG_WARN_DOCUMENTATION_COMMENTS = YES;
				CLANG_WARN_EMPTY_BODY = YES;
				CLANG_WARN_ENUM_CONVERSION = YES;
				CLANG_WARN_INFINITE_RECURSION = YES;
				CLANG_WARN_INT_CONVERSION = YES;
				CLANG_WARN_NON_LITERAL_NULL_CONVERSION = YES;
				CLANG_WARN_OBJC_IMPLICIT_RETAIN_SELF = YES;
				CLANG_WARN_OBJC_LITERAL_CONVERSION = YES;
				CLANG_WARN_OBJC_ROOT_CLASS = YES_ERROR;
				CLANG_WARN_QUOTED_INCLUDE_IN_FRAMEWORK_HEADER = YES;
				CLANG_WARN_RANGE_LOOP_ANALYSIS = YES;
				CLANG_WARN_STRICT_PROTOTYPES = YES;
				CLANG_WARN_SUSPICIOUS_MOVE = YES;
				CLANG_WARN_UNGUARDED_AVAILABILITY = YES_AGGRESSIVE;
				CLANG_WARN_UNREACHABLE_CODE = YES;
				CLANG_WARN__DUPLICATE_METHOD_MATCH = YES;
				COPY_PHASE_STRIP = NO;
				DEBUG_INFORMATION_FORMAT = "dwarf-with-dsym";
				ENABLE_NS_ASSERTIONS = NO;
				ENABLE_STRICT_OBJC_MSGSEND = YES;
				GCC_C_LANGUAGE_STANDARD = gnu11;
				GCC_NO_COMMON_BLOCKS = YES;
				GCC_WARN_64_TO_32_BIT_CONVERSION = YES;
				GCC_WARN_ABOUT_RETURN_TYPE = YES_ERROR;
				GCC_WARN_UNDECLARED_SELECTOR = YES;
				GCC_WARN_UNINITIALIZED_AUTOS = YES_AGGRESSIVE;
				GCC_WARN_UNUSED_FUNCTION = YES;
				GCC_WARN_UNUSED_VARIABLE = YES;
				IPHONEOS_DEPLOYMENT_TARGET = 14.3;
				MTL_ENABLE_DEBUG_INFO = NO;
				MTL_FAST_MATH = YES;
				SDKROOT = iphoneos;
				SWIFT_COMPILATION_MODE = wholemodule;
				SWIFT_OPTIMIZATION_LEVEL = "-O";
				VALIDATE_PRODUCT = YES;
			};
			name = Release;
		};
		C0963CF325A8E9CF00B6796B /* Debug */ = {
			isa = XCBuildConfiguration;
			baseConfigurationReference = 356D80AD53BF680FEE9F8575 /* Pods-ShareASnack.debug.xcconfig */;
			buildSettings = {
				ASSETCATALOG_COMPILER_APPICON_NAME = AppIcon;
				ASSETCATALOG_COMPILER_GLOBAL_ACCENT_COLOR_NAME = AccentColor;
				CODE_SIGN_STYLE = Automatic;
				DEVELOPMENT_TEAM = WRC4QXXN5V;
				INFOPLIST_FILE = ShareASnack/Info.plist;
				LD_RUNPATH_SEARCH_PATHS = (
					"$(inherited)",
					"@executable_path/Frameworks",
				);
				PRODUCT_BUNDLE_IDENTIFIER = Marie.Kallop.ShareASnack;
				PRODUCT_NAME = "$(TARGET_NAME)";
				SWIFT_VERSION = 5.0;
				TARGETED_DEVICE_FAMILY = "1,2";
			};
			name = Debug;
		};
		C0963CF425A8E9CF00B6796B /* Release */ = {
			isa = XCBuildConfiguration;
			baseConfigurationReference = AB972D58A98DB3CE937300EB /* Pods-ShareASnack.release.xcconfig */;
			buildSettings = {
				ASSETCATALOG_COMPILER_APPICON_NAME = AppIcon;
				ASSETCATALOG_COMPILER_GLOBAL_ACCENT_COLOR_NAME = AccentColor;
				CODE_SIGN_STYLE = Automatic;
				DEVELOPMENT_TEAM = WRC4QXXN5V;
				INFOPLIST_FILE = ShareASnack/Info.plist;
				LD_RUNPATH_SEARCH_PATHS = (
					"$(inherited)",
					"@executable_path/Frameworks",
				);
				PRODUCT_BUNDLE_IDENTIFIER = Marie.Kallop.ShareASnack;
				PRODUCT_NAME = "$(TARGET_NAME)";
				SWIFT_VERSION = 5.0;
				TARGETED_DEVICE_FAMILY = "1,2";
			};
			name = Release;
		};
/* End XCBuildConfiguration section */

/* Begin XCConfigurationList section */
		C0963CD625A8E9CE00B6796B /* Build configuration list for PBXProject "ShareASnack" */ = {
			isa = XCConfigurationList;
			buildConfigurations = (
				C0963CF025A8E9CF00B6796B /* Debug */,
				C0963CF125A8E9CF00B6796B /* Release */,
			);
			defaultConfigurationIsVisible = 0;
			defaultConfigurationName = Release;
		};
		C0963CF225A8E9CF00B6796B /* Build configuration list for PBXNativeTarget "ShareASnack" */ = {
			isa = XCConfigurationList;
			buildConfigurations = (
				C0963CF325A8E9CF00B6796B /* Debug */,
				C0963CF425A8E9CF00B6796B /* Release */,
			);
			defaultConfigurationIsVisible = 0;
			defaultConfigurationName = Release;
		};
/* End XCConfigurationList section */

/* Begin XCVersionGroup section */
		C0963CE725A8E9CE00B6796B /* ShareASnack.xcdatamodeld */ = {
			isa = XCVersionGroup;
			children = (
				C0963CE825A8E9CE00B6796B /* ShareASnack.xcdatamodel */,
			);
			currentVersion = C0963CE825A8E9CE00B6796B /* ShareASnack.xcdatamodel */;
			path = ShareASnack.xcdatamodeld;
			sourceTree = "<group>";
			versionGroupType = wrapper.xcdatamodel;
		};
/* End XCVersionGroup section */
	};
	rootObject = C0963CD325A8E9CE00B6796B /* Project object */;
}
